// !$*UTF8*$!
{
	archiveVersion = 1;
	classes = {
	};
	objectVersion = 46;
	objects = {

/* Begin PBXBuildFile section */
		5397B115149300540056E2B3 /* UIKit.framework in Frameworks */ = {isa = PBXBuildFile; fileRef = 5397B114149300540056E2B3 /* UIKit.framework */; };
		5397B117149300540056E2B3 /* Foundation.framework in Frameworks */ = {isa = PBXBuildFile; fileRef = 5397B116149300540056E2B3 /* Foundation.framework */; };
		5397B119149300540056E2B3 /* CoreGraphics.framework in Frameworks */ = {isa = PBXBuildFile; fileRef = 5397B118149300540056E2B3 /* CoreGraphics.framework */; };
		5397B11F149300540056E2B3 /* InfoPlist.strings in Resources */ = {isa = PBXBuildFile; fileRef = 5397B11D149300540056E2B3 /* InfoPlist.strings */; };
		5397B121149300540056E2B3 /* main.m in Sources */ = {isa = PBXBuildFile; fileRef = 5397B120149300540056E2B3 /* main.m */; };
		5397B125149300540056E2B3 /* AppDelegate.m in Sources */ = {isa = PBXBuildFile; fileRef = 5397B124149300540056E2B3 /* AppDelegate.m */; };
		5397B128149300540056E2B3 /* ViewController.m in Sources */ = {isa = PBXBuildFile; fileRef = 5397B127149300540056E2B3 /* ViewController.m */; };
		5397B12B149300540056E2B3 /* ViewController.xib in Resources */ = {isa = PBXBuildFile; fileRef = 5397B129149300540056E2B3 /* ViewController.xib */; };
/* End PBXBuildFile section */

/* Begin PBXFileReference section */
		5397B110149300540056E2B3 /* TDD-With-Jenkins.app */ = {isa = PBXFileReference; explicitFileType = wrapper.application; includeInIndex = 0; path = "TDD-With-Jenkins.app"; sourceTree = BUILT_PRODUCTS_DIR; };
		5397B114149300540056E2B3 /* UIKit.framework */ = {isa = PBXFileReference; lastKnownFileType = wrapper.framework; name = UIKit.framework; path = System/Library/Frameworks/UIKit.framework; sourceTree = SDKROOT; };
		5397B116149300540056E2B3 /* Foundation.framework */ = {isa = PBXFileReference; lastKnownFileType = wrapper.framework; name = Foundation.framework; path = System/Library/Frameworks/Foundation.framework; sourceTree = SDKROOT; };
		5397B118149300540056E2B3 /* CoreGraphics.framework */ = {isa = PBXFileReference; lastKnownFileType = wrapper.framework; name = CoreGraphics.framework; path = System/Library/Frameworks/CoreGraphics.framework; sourceTree = SDKROOT; };
		5397B11C149300540056E2B3 /* TDD-With-Jenkins-Info.plist */ = {isa = PBXFileReference; lastKnownFileType = text.plist.xml; path = "TDD-With-Jenkins-Info.plist"; sourceTree = "<group>"; };
		5397B11E149300540056E2B3 /* en */ = {isa = PBXFileReference; lastKnownFileType = text.plist.strings; name = en; path = en.lproj/InfoPlist.strings; sourceTree = "<group>"; };
		5397B120149300540056E2B3 /* main.m */ = {isa = PBXFileReference; lastKnownFileType = sourcecode.c.objc; path = main.m; sourceTree = "<group>"; };
		5397B122149300540056E2B3 /* TDD-With-Jenkins-Prefix.pch */ = {isa = PBXFileReference; lastKnownFileType = sourcecode.c.h; path = "TDD-With-Jenkins-Prefix.pch"; sourceTree = "<group>"; };
		5397B123149300540056E2B3 /* AppDelegate.h */ = {isa = PBXFileReference; lastKnownFileType = sourcecode.c.h; path = AppDelegate.h; sourceTree = "<group>"; };
		5397B124149300540056E2B3 /* AppDelegate.m */ = {isa = PBXFileReference; lastKnownFileType = sourcecode.c.objc; path = AppDelegate.m; sourceTree = "<group>"; };
		5397B126149300540056E2B3 /* ViewController.h */ = {isa = PBXFileReference; lastKnownFileType = sourcecode.c.h; path = ViewController.h; sourceTree = "<group>"; };
		5397B127149300540056E2B3 /* ViewController.m */ = {isa = PBXFileReference; lastKnownFileType = sourcecode.c.objc; path = ViewController.m; sourceTree = "<group>"; };
		5397B12A149300540056E2B3 /* en */ = {isa = PBXFileReference; lastKnownFileType = file.xib; name = en; path = en.lproj/ViewController.xib; sourceTree = "<group>"; };
/* End PBXFileReference section */

/* Begin PBXFrameworksBuildPhase section */
		5397B10D149300540056E2B3 /* Frameworks */ = {
			isa = PBXFrameworksBuildPhase;
			buildActionMask = 2147483647;
			files = (
				5397B115149300540056E2B3 /* UIKit.framework in Frameworks */,
				5397B117149300540056E2B3 /* Foundation.framework in Frameworks */,
				5397B119149300540056E2B3 /* CoreGraphics.framework in Frameworks */,
			);
			runOnlyForDeploymentPostprocessing = 0;
		};
/* End PBXFrameworksBuildPhase section */

/* Begin PBXGroup section */
		5397B105149300540056E2B3 = {
			isa = PBXGroup;
			children = (
				5397B11A149300540056E2B3 /* TDD-With-Jenkins */,
				5397B113149300540056E2B3 /* Frameworks */,
				5397B111149300540056E2B3 /* Products */,
			);
			sourceTree = "<group>";
		};
		5397B111149300540056E2B3 /* Products */ = {
			isa = PBXGroup;
			children = (
				5397B110149300540056E2B3 /* TDD-With-Jenkins.app */,
			);
			name = Products;
			sourceTree = "<group>";
		};
		5397B113149300540056E2B3 /* Frameworks */ = {
			isa = PBXGroup;
			children = (
				5397B114149300540056E2B3 /* UIKit.framework */,
				5397B116149300540056E2B3 /* Foundation.framework */,
				5397B118149300540056E2B3 /* CoreGraphics.framework */,
			);
			name = Frameworks;
			sourceTree = "<group>";
		};
		5397B11A149300540056E2B3 /* TDD-With-Jenkins */ = {
			isa = PBXGroup;
			children = (
				5397B123149300540056E2B3 /* AppDelegate.h */,
				5397B124149300540056E2B3 /* AppDelegate.m */,
				5397B126149300540056E2B3 /* ViewController.h */,
				5397B127149300540056E2B3 /* ViewController.m */,
				5397B129149300540056E2B3 /* ViewController.xib */,
				5397B11B149300540056E2B3 /* Supporting Files */,
			);
			path = "TDD-With-Jenkins";
			sourceTree = "<group>";
		};
		5397B11B149300540056E2B3 /* Supporting Files */ = {
			isa = PBXGroup;
			children = (
				5397B11C149300540056E2B3 /* TDD-With-Jenkins-Info.plist */,
				5397B11D149300540056E2B3 /* InfoPlist.strings */,
				5397B120149300540056E2B3 /* main.m */,
				5397B122149300540056E2B3 /* TDD-With-Jenkins-Prefix.pch */,
			);
			name = "Supporting Files";
			sourceTree = "<group>";
		};
/* End PBXGroup section */

/* Begin PBXNativeTarget section */
		5397B10F149300540056E2B3 /* TDD-With-Jenkins */ = {
			isa = PBXNativeTarget;
			buildConfigurationList = 5397B12E149300540056E2B3 /* Build configuration list for PBXNativeTarget "TDD-With-Jenkins" */;
			buildPhases = (
				5397B10C149300540056E2B3 /* Sources */,
				5397B10D149300540056E2B3 /* Frameworks */,
				5397B10E149300540056E2B3 /* Resources */,
			);
			buildRules = (
			);
			dependencies = (
			);
			name = "TDD-With-Jenkins";
			productName = "TDD-With-Jenkins";
			productReference = 5397B110149300540056E2B3 /* TDD-With-Jenkins.app */;
			productType = "com.apple.product-type.application";
		};
/* End PBXNativeTarget section */

/* Begin PBXProject section */
		5397B107149300540056E2B3 /* Project object */ = {
			isa = PBXProject;
			attributes = {
				LastUpgradeCheck = 0420;
				ORGANIZATIONNAME = "University of Arizona";
			};
			buildConfigurationList = 5397B10A149300540056E2B3 /* Build configuration list for PBXProject "TDD-With-Jenkins" */;
			compatibilityVersion = "Xcode 3.2";
			developmentRegion = English;
			hasScannedForEncodings = 0;
			knownRegions = (
				en,
			);
			mainGroup = 5397B105149300540056E2B3;
			productRefGroup = 5397B111149300540056E2B3 /* Products */;
			projectDirPath = "";
			projectRoot = "";
			targets = (
				5397B10F149300540056E2B3 /* TDD-With-Jenkins */,
			);
		};
/* End PBXProject section */

/* Begin PBXResourcesBuildPhase section */
		5397B10E149300540056E2B3 /* Resources */ = {
			isa = PBXResourcesBuildPhase;
			buildActionMask = 2147483647;
			files = (
				5397B11F149300540056E2B3 /* InfoPlist.strings in Resources */,
				5397B12B149300540056E2B3 /* ViewController.xib in Resources */,
			);
			runOnlyForDeploymentPostprocessing = 0;
		};
/* End PBXResourcesBuildPhase section */

/* Begin PBXSourcesBuildPhase section */
		5397B10C149300540056E2B3 /* Sources */ = {
			isa = PBXSourcesBuildPhase;
			buildActionMask = 2147483647;
			files = (
				5397B121149300540056E2B3 /* main.m in Sources */,
				5397B125149300540056E2B3 /* AppDelegate.m in Sources */,
				5397B128149300540056E2B3 /* ViewController.m in Sources */,
			);
			runOnlyForDeploymentPostprocessing = 0;
		};
/* End PBXSourcesBuildPhase section */

/* Begin PBXVariantGroup section */
		5397B11D149300540056E2B3 /* InfoPlist.strings */ = {
			isa = PBXVariantGroup;
			children = (
				5397B11E149300540056E2B3 /* en */,
			);
			name = InfoPlist.strings;
			sourceTree = "<group>";
		};
		5397B129149300540056E2B3 /* ViewController.xib */ = {
			isa = PBXVariantGroup;
			children = (
				5397B12A149300540056E2B3 /* en */,
			);
			name = ViewController.xib;
			sourceTree = "<group>";
		};
/* End PBXVariantGroup section */

/* Begin XCBuildConfiguration section */
		5397B12C149300540056E2B3 /* Debug */ = {
			isa = XCBuildConfiguration;
			buildSettings = {
				ALWAYS_SEARCH_USER_PATHS = NO;
				ARCHS = "$(ARCHS_STANDARD_32_BIT)";
				"CODE_SIGN_IDENTITY[sdk=iphoneos*]" = "iPhone Developer";
				COPY_PHASE_STRIP = NO;
				GCC_C_LANGUAGE_STANDARD = gnu99;
				GCC_DYNAMIC_NO_PIC = NO;
				GCC_OPTIMIZATION_LEVEL = 0;
				GCC_PREPROCESSOR_DEFINITIONS = (
					"DEBUG=1",
					"$(inherited)",
				);
				GCC_SYMBOLS_PRIVATE_EXTERN = NO;
				GCC_VERSION = com.apple.compilers.llvm.clang.1_0;
				GCC_WARN_ABOUT_MISSING_PROTOTYPES = YES;
				GCC_WARN_ABOUT_RETURN_TYPE = YES;
				GCC_WARN_UNUSED_VARIABLE = YES;
				IPHONEOS_DEPLOYMENT_TARGET = 5.0;
				SDKROOT = iphoneos;
			};
			name = Debug;
		};
		5397B12D149300540056E2B3 /* Release */ = {
			isa = XCBuildConfiguration;
			buildSettings = {
				ALWAYS_SEARCH_USER_PATHS = NO;
				ARCHS = "$(ARCHS_STANDARD_32_BIT)";
				"CODE_SIGN_IDENTITY[sdk=iphoneos*]" = "iPhone Developer";
				COPY_PHASE_STRIP = YES;
				GCC_C_LANGUAGE_STANDARD = gnu99;
				GCC_VERSION = com.apple.compilers.llvm.clang.1_0;
				GCC_WARN_ABOUT_MISSING_PROTOTYPES = YES;
				GCC_WARN_ABOUT_RETURN_TYPE = YES;
				GCC_WARN_UNUSED_VARIABLE = YES;
				IPHONEOS_DEPLOYMENT_TARGET = 5.0;
				OTHER_CFLAGS = "-DNS_BLOCK_ASSERTIONS=1";
				SDKROOT = iphoneos;
				VALIDATE_PRODUCT = YES;
			};
			name = Release;
		};
		5397B12F149300540056E2B3 /* Debug */ = {
			isa = XCBuildConfiguration;
			buildSettings = {
				GCC_PRECOMPILE_PREFIX_HEADER = YES;
				GCC_PREFIX_HEADER = "TDD-With-Jenkins/TDD-With-Jenkins-Prefix.pch";
				INFOPLIST_FILE = "TDD-With-Jenkins/TDD-With-Jenkins-Info.plist";
				PRODUCT_NAME = "$(TARGET_NAME)";
				WRAPPER_EXTENSION = app;
			};
			name = Debug;
		};
		5397B130149300540056E2B3 /* Release */ = {
			isa = XCBuildConfiguration;
			buildSettings = {
				GCC_PRECOMPILE_PREFIX_HEADER = YES;
				GCC_PREFIX_HEADER = "TDD-With-Jenkins/TDD-With-Jenkins-Prefix.pch";
				INFOPLIST_FILE = "TDD-With-Jenkins/TDD-With-Jenkins-Info.plist";
				PRODUCT_NAME = "$(TARGET_NAME)";
				WRAPPER_EXTENSION = app;
			};
			name = Release;
		};
/* End XCBuildConfiguration section */

/* Begin XCConfigurationList section */
		5397B10A149300540056E2B3 /* Build configuration list for PBXProject "TDD-With-Jenkins" */ = {
			isa = XCConfigurationList;
			buildConfigurations = (
				5397B12C149300540056E2B3 /* Debug */,
				5397B12D149300540056E2B3 /* Release */,
			);
			defaultConfigurationIsVisible = 0;
			defaultConfigurationName = Release;
		};
		5397B12E149300540056E2B3 /* Build configuration list for PBXNativeTarget "TDD-With-Jenkins" */ = {
			isa = XCConfigurationList;
			buildConfigurations = (
				5397B12F149300540056E2B3 /* Debug */,
				5397B130149300540056E2B3 /* Release */,
			);
			defaultConfigurationIsVisible = 0;
		};
/* End XCConfigurationList section */
	};
	rootObject = 5397B107149300540056E2B3 /* Project object */;
}
